
Microsoft Visual Studio Solution File, Format Version 12.00
# Visual Studio 15
VisualStudioVersion = 15.0.28307.168
MinimumVisualStudioVersion = 10.0.40219.1
Project("{FAE04EC0-301F-11D3-BF4B-00C04F79EFBC}") = "c0731902", "c0731902\c0731902.csproj", "{DE081D20-B492-4F95-B018-F0F4EC07F5F7}"
EndProject
Global
	GlobalSection(SolutionConfigurationPlatforms) = preSolution
		Debug|Any CPU = Debug|Any CPU
		Release|Any CPU = Release|Any CPU
	EndGlobalSection
	GlobalSection(ProjectConfigurationPlatforms) = postSolution
		{DE081D20-B492-4F95-B018-F0F4EC07F5F7}.Debug|Any CPU.ActiveCfg = Debug|Any CPU
		{DE081D20-B492-4F95-B018-F0F4EC07F5F7}.Debug|Any CPU.Build.0 = Debug|Any CPU
		{DE081D20-B492-4F95-B018-F0F4EC07F5F7}.Release|Any CPU.ActiveCfg = Release|Any CPU
		{DE081D20-B492-4F95-B018-F0F4EC07F5F7}.Release|Any CPU.Build.0 = Release|Any CPU
	EndGlobalSection
	GlobalSection(SolutionProperties) = preSolution
		HideSolutionNode = FALSE
	EndGlobalSection
	GlobalSection(ExtensibilityGlobals) = postSolution
		SolutionGuid = {CAFF4C8B-21AD-428F-98F9-85CEBE8F39B4}
	EndGlobalSection
EndGlobal
